<?xml version="1.0" encoding="utf-8"?>
<Project ToolsVersion="14.0" xmlns="http://schemas.microsoft.com/developer/msbuild/2003">
  <ItemGroup>
    <ClInclude Include="..\common\ddmacros.h">
      <Filter>common</Filter>
    </ClInclude>
    <ClInclude Include="..\common\ddutil.h">
      <Filter>common</Filter>
    </ClInclude>
    <ClInclude Include="..\common\dsutil.h">
      <Filter>common</Filter>
    </ClInclude>
    <ClInclude Include="source\windows\resource.h">
      <Filter>source\windows</Filter>
    </ClInclude>
    <ClCompile Include="..\common\ddutil.cpp">
      <Filter>common</Filter>
    </ClCompile>
    <ClCompile Include="..\common\dsutil.cpp">
      <Filter>common</Filter>
    </ClCompile>
    <ClCompile Include="source\wormhole.cpp">
      <Filter>source</Filter>
    </ClCompile>
    <ResourceCompile Include="source\windows\wormhole.rc">
      <Filter>source\windows</Filter>
    </ResourceCompile>
    <Image Include="source\windows\directx.ico">
      <Filter>source\windows</Filter>
    </Image>
    <Image Include="source\windows\wormhole.bmp">
      <Filter>source\windows</Filter>
    </Image>
    <Filter Include="common">
      <UniqueIdentifier>C1AA193D-AC5C-3829-8D1E-3CB54991C821</UniqueIdentifier>
    </Filter>
    <Filter Include="source">
      <UniqueIdentifier>957F1FA4-B33A-31B7-BC71-94C864E1AA95</UniqueIdentifier>
    </Filter>
    <Filter Include="source\windows">
      <UniqueIdentifier>C2A30F90-DEA9-3A5E-8D86-6C9E1E195EB6</UniqueIdentifier>
    </Filter>
  </ItemGroup>
</Project>
