Microsoft Visual Studio Solution File, Format Version 8.00
Project("{8BC9CEB8-8B4A-11D0-8D11-00A0C91BC942}") = "modetest", "modetestvc7w32.vcproj", "{33913AD5-1A8D-30DD-844D-F093C7809470}"
	ProjectSection(ProjectDependencies) = postProject
	EndProjectSection
EndProject
Global
	GlobalSection(SolutionConfiguration) = preSolution
		Release_LTCG = Release_LTCG
	EndGlobalSection
	GlobalSection(ProjectConfiguration) = postSolution
		{33913AD5-1A8D-30DD-844D-F093C7809470}.Release_LTCG.ActiveCfg = Release_LTCG|Win32
		{33913AD5-1A8D-30DD-844D-F093C7809470}.Release_LTCG.Build.0 = Release_LTCG|Win32
	EndGlobalSection
	GlobalSection(ExtensibilityGlobals) = postSolution
	EndGlobalSection
	GlobalSection(ExtensibilityAddIns) = postSolution
	EndGlobalSection
EndGlobal
