<?xml version="1.0" encoding="utf-8"?>
<Project ToolsVersion="14.0" xmlns="http://schemas.microsoft.com/developer/msbuild/2003">
  <ItemGroup>
    <ClInclude Include="..\common\ddmacros.h">
      <Filter>common</Filter>
    </ClInclude>
    <ClInclude Include="source\fswindow.h">
      <Filter>source</Filter>
    </ClInclude>
    <ClInclude Include="source\windows\resource.h">
      <Filter>source\windows</Filter>
    </ClInclude>
    <ClCompile Include="source\fswindow.cpp">
      <Filter>source</Filter>
    </ClCompile>
    <ClCompile Include="source\winmain.cpp">
      <Filter>source</Filter>
    </ClCompile>
    <ResourceCompile Include="source\windows\fswindow.rc">
      <Filter>source\windows</Filter>
    </ResourceCompile>
    <Image Include="source\windows\directx.ico">
      <Filter>source\windows</Filter>
    </Image>
    <Filter Include="common">
      <UniqueIdentifier>B3433958-37DB-36B2-B019-D4D940B4ED07</UniqueIdentifier>
    </Filter>
    <Filter Include="source">
      <UniqueIdentifier>1F13C07C-1E79-3E9A-ADE1-E734426B4D09</UniqueIdentifier>
    </Filter>
    <Filter Include="source\windows">
      <UniqueIdentifier>E39DB12A-5A4A-30A8-9E0C-6B34A31BBDBA</UniqueIdentifier>
    </Filter>
  </ItemGroup>
</Project>
