Microsoft Visual Studio Solution File, Format Version 8.00
Project("{8BC9CEB8-8B4A-11D0-8D11-00A0C91BC942}") = "ddex2", "ddex2vc7w32.vcproj", "{1B9AF2A5-0879-3EB3-AED8-7DD20B9C8417}"
	ProjectSection(ProjectDependencies) = postProject
	EndProjectSection
EndProject
Global
	GlobalSection(SolutionConfiguration) = preSolution
		Release_LTCG = Release_LTCG
	EndGlobalSection
	GlobalSection(ProjectConfiguration) = postSolution
		{1B9AF2A5-0879-3EB3-AED8-7DD20B9C8417}.Release_LTCG.ActiveCfg = Release_LTCG|Win32
		{1B9AF2A5-0879-3EB3-AED8-7DD20B9C8417}.Release_LTCG.Build.0 = Release_LTCG|Win32
	EndGlobalSection
	GlobalSection(ExtensibilityGlobals) = postSolution
	EndGlobalSection
	GlobalSection(ExtensibilityAddIns) = postSolution
	EndGlobalSection
EndGlobal
