<?xml version="1.0" encoding="utf-8"?>
<Project ToolsVersion="14.0" xmlns="http://schemas.microsoft.com/developer/msbuild/2003">
  <ItemGroup>
    <ClInclude Include="..\common\ddmacros.h">
      <Filter>common</Filter>
    </ClInclude>
    <ClInclude Include="source\windows\resource.h">
      <Filter>source\windows</Filter>
    </ClInclude>
    <ClCompile Include="source\multimon.cpp">
      <Filter>source</Filter>
    </ClCompile>
    <ResourceCompile Include="source\windows\multimon.rc">
      <Filter>source\windows</Filter>
    </ResourceCompile>
    <Image Include="source\windows\directx.ico">
      <Filter>source\windows</Filter>
    </Image>
    <Image Include="source\windows\image1.bmp">
      <Filter>source\windows</Filter>
    </Image>
    <Image Include="source\windows\image2.bmp">
      <Filter>source\windows</Filter>
    </Image>
    <Filter Include="common">
      <UniqueIdentifier>33E8D278-4057-3A09-ABF4-621643895D2C</UniqueIdentifier>
    </Filter>
    <Filter Include="source">
      <UniqueIdentifier>22E3F71F-2975-3BFB-9809-6CE473A25F0E</UniqueIdentifier>
    </Filter>
    <Filter Include="source\windows">
      <UniqueIdentifier>392DE103-D33A-3F6E-B594-1AB4B99554F6</UniqueIdentifier>
    </Filter>
  </ItemGroup>
</Project>
