Microsoft Visual Studio Solution File, Format Version 8.00
Project("{8BC9CEB8-8B4A-11D0-8D11-00A0C91BC942}") = "mosquito", "mosquitovc7w32.vcproj", "{9C19113A-67D1-35A2-A2EB-01E2DBC1F66A}"
	ProjectSection(ProjectDependencies) = postProject
	EndProjectSection
EndProject
Global
	GlobalSection(SolutionConfiguration) = preSolution
		Release_LTCG = Release_LTCG
	EndGlobalSection
	GlobalSection(ProjectConfiguration) = postSolution
		{9C19113A-67D1-35A2-A2EB-01E2DBC1F66A}.Release_LTCG.ActiveCfg = Release_LTCG|Win32
		{9C19113A-67D1-35A2-A2EB-01E2DBC1F66A}.Release_LTCG.Build.0 = Release_LTCG|Win32
	EndGlobalSection
	GlobalSection(ExtensibilityGlobals) = postSolution
	EndGlobalSection
	GlobalSection(ExtensibilityAddIns) = postSolution
	EndGlobalSection
EndGlobal
