<?xml version="1.0" encoding="utf-8"?>
<Project ToolsVersion="14.0" xmlns="http://schemas.microsoft.com/developer/msbuild/2003">
  <ItemGroup>
    <ClInclude Include="..\common\ddmacros.h">
      <Filter>common</Filter>
    </ClInclude>
    <ClInclude Include="..\common\ddutil.h">
      <Filter>common</Filter>
    </ClInclude>
    <ClInclude Include="..\common\dsutil.h">
      <Filter>common</Filter>
    </ClInclude>
    <ClInclude Include="source\windows\resource.h">
      <Filter>source\windows</Filter>
    </ClInclude>
    <ClCompile Include="..\common\ddutil.cpp">
      <Filter>common</Filter>
    </ClCompile>
    <ClCompile Include="..\common\dsutil.cpp">
      <Filter>common</Filter>
    </ClCompile>
    <ClCompile Include="source\ddex1.cpp">
      <Filter>source</Filter>
    </ClCompile>
    <ResourceCompile Include="source\windows\ddex1.rc">
      <Filter>source\windows</Filter>
    </ResourceCompile>
    <Image Include="source\windows\directx.ico">
      <Filter>source\windows</Filter>
    </Image>
    <Filter Include="common">
      <UniqueIdentifier>FE2DB0C2-14B9-3BA0-9201-13FF60D1BF02</UniqueIdentifier>
    </Filter>
    <Filter Include="source">
      <UniqueIdentifier>1068FF5C-8DA1-3A9E-A855-842EE7FB4C60</UniqueIdentifier>
    </Filter>
    <Filter Include="source\windows">
      <UniqueIdentifier>34031127-8F61-3635-A304-3E01F422C3A9</UniqueIdentifier>
    </Filter>
  </ItemGroup>
</Project>
