Microsoft Visual Studio Solution File, Format Version 8.00
Project("{8BC9CEB8-8B4A-11D0-8D11-00A0C91BC942}") = "ddex3", "ddex3vc7w32.vcproj", "{FDD7C6F8-CCF1-3A79-9056-A675CB0DA43B}"
	ProjectSection(ProjectDependencies) = postProject
	EndProjectSection
EndProject
Global
	GlobalSection(SolutionConfiguration) = preSolution
		Release_LTCG = Release_LTCG
	EndGlobalSection
	GlobalSection(ProjectConfiguration) = postSolution
		{FDD7C6F8-CCF1-3A79-9056-A675CB0DA43B}.Release_LTCG.ActiveCfg = Release_LTCG|Win32
		{FDD7C6F8-CCF1-3A79-9056-A675CB0DA43B}.Release_LTCG.Build.0 = Release_LTCG|Win32
	EndGlobalSection
	GlobalSection(ExtensibilityGlobals) = postSolution
	EndGlobalSection
	GlobalSection(ExtensibilityAddIns) = postSolution
	EndGlobalSection
EndGlobal
